
Microsoft Visual Studio Solution File, Format Version 12.00
# Visual Studio 15
VisualStudioVersion = 15.0.28010.2046
MinimumVisualStudioVersion = 10.0.40219.1
Project("{8BC9CEB8-8B4A-11D0-8D11-00A0C91BC942}") = "Lab9_Test", "Lab9_Test\Lab9_Test.vcxproj", "{6DEACFE9-CA80-41EF-91F1-7B1E6F413190}"
EndProject
Global
	GlobalSection(SolutionConfigurationPlatforms) = preSolution
		Debug|x64 = Debug|x64
		Debug|x86 = Debug|x86
		Release|x64 = Release|x64
		Release|x86 = Release|x86
	EndGlobalSection
	GlobalSection(ProjectConfigurationPlatforms) = postSolution
		{6DEACFE9-CA80-41EF-91F1-7B1E6F413190}.Debug|x64.ActiveCfg = Debug|x64
		{6DEACFE9-CA80-41EF-91F1-7B1E6F413190}.Debug|x64.Build.0 = Debug|x64
		{6DEACFE9-CA80-41EF-91F1-7B1E6F413190}.Debug|x86.ActiveCfg = Debug|Win32
		{6DEACFE9-CA80-41EF-91F1-7B1E6F413190}.Debug|x86.Build.0 = Debug|Win32
		{6DEACFE9-CA80-41EF-91F1-7B1E6F413190}.Release|x64.ActiveCfg = Release|x64
		{6DEACFE9-CA80-41EF-91F1-7B1E6F413190}.Release|x64.Build.0 = Release|x64
		{6DEACFE9-CA80-41EF-91F1-7B1E6F413190}.Release|x86.ActiveCfg = Release|Win32
		{6DEACFE9-CA80-41EF-91F1-7B1E6F413190}.Release|x86.Build.0 = Release|Win32
	EndGlobalSection
	GlobalSection(SolutionProperties) = preSolution
		HideSolutionNode = FALSE
	EndGlobalSection
	GlobalSection(ExtensibilityGlobals) = postSolution
		SolutionGuid = {45649C8B-D5B5-44D3-B45B-1EF2AFCA8AE4}
	EndGlobalSection
EndGlobal
